
Microsoft Visual Studio Solution File, Format Version 12.00
# Visual Studio Version 17
VisualStudioVersion = 17.3.32922.545
MinimumVisualStudioVersion = 10.0.40219.1
Project("{FAE04EC0-301F-11D3-BF4B-00C04F79EFBC}") = "TeknikServis", "TeknikServis\TeknikServis.csproj", "{7E52CA21-0938-4DC7-AC32-885A537D5209}"
EndProject
Project("{FAE04EC0-301F-11D3-BF4B-00C04F79EFBC}") = "EntityLayer", "EntityLayer\EntityLayer.csproj", "{456640D4-6238-407F-B544-7B9A944C9980}"
EndProject
Project("{FAE04EC0-301F-11D3-BF4B-00C04F79EFBC}") = "DataAccesLayer", "DataAccesLayer\DataAccesLayer.csproj", "{E9D0E9D9-664E-4EB3-801D-B8A3F39AEC05}"
EndProject
Global
	GlobalSection(SolutionConfigurationPlatforms) = preSolution
		Debug|Any CPU = Debug|Any CPU
		Release|Any CPU = Release|Any CPU
	EndGlobalSection
	GlobalSection(ProjectConfigurationPlatforms) = postSolution
		{7E52CA21-0938-4DC7-AC32-885A537D5209}.Debug|Any CPU.ActiveCfg = Debug|Any CPU
		{7E52CA21-0938-4DC7-AC32-885A537D5209}.Debug|Any CPU.Build.0 = Debug|Any CPU
		{7E52CA21-0938-4DC7-AC32-885A537D5209}.Release|Any CPU.ActiveCfg = Release|Any CPU
		{7E52CA21-0938-4DC7-AC32-885A537D5209}.Release|Any CPU.Build.0 = Release|Any CPU
		{456640D4-6238-407F-B544-7B9A944C9980}.Debug|Any CPU.ActiveCfg = Debug|Any CPU
		{456640D4-6238-407F-B544-7B9A944C9980}.Debug|Any CPU.Build.0 = Debug|Any CPU
		{456640D4-6238-407F-B544-7B9A944C9980}.Release|Any CPU.ActiveCfg = Release|Any CPU
		{456640D4-6238-407F-B544-7B9A944C9980}.Release|Any CPU.Build.0 = Release|Any CPU
		{E9D0E9D9-664E-4EB3-801D-B8A3F39AEC05}.Debug|Any CPU.ActiveCfg = Debug|Any CPU
		{E9D0E9D9-664E-4EB3-801D-B8A3F39AEC05}.Debug|Any CPU.Build.0 = Debug|Any CPU
		{E9D0E9D9-664E-4EB3-801D-B8A3F39AEC05}.Release|Any CPU.ActiveCfg = Release|Any CPU
		{E9D0E9D9-664E-4EB3-801D-B8A3F39AEC05}.Release|Any CPU.Build.0 = Release|Any CPU
	EndGlobalSection
	GlobalSection(SolutionProperties) = preSolution
		HideSolutionNode = FALSE
	EndGlobalSection
	GlobalSection(ExtensibilityGlobals) = postSolution
		SolutionGuid = {D87DFE7D-A5F1-4E73-91FB-8A5A630D8BEC}
	EndGlobalSection
EndGlobal
